// !$*UTF8*$!
{
	archiveVersion = 1;
	classes = {
	};
	objectVersion = 46;
	objects = {

/* Begin PBXBuildFile section */
		045DE4C11BC12C3200DD43DB /* ServicesController.m in Sources */ = {isa = PBXBuildFile; fileRef = 045DE4C01BC12C3200DD43DB /* ServicesController.m */; };
		045DE4C41BC1655B00DD43DB /* ServicesRequestController.m in Sources */ = {isa = PBXBuildFile; fileRef = 045DE4C31BC1655B00DD43DB /* ServicesRequestController.m */; };
		045DE4C61BC1879600DD43DB /* Main.storyboard in Resources */ = {isa = PBXBuildFile; fileRef = 045DE4C51BC1879600DD43DB /* Main.storyboard */; };
		04B85F341BC048F6004BBC40 /* main.m in Sources */ = {isa = PBXBuildFile; fileRef = 04B85F331BC048F6004BBC40 /* main.m */; };
		04B85F371BC048F6004BBC40 /* AppDelegate.m in Sources */ = {isa = PBXBuildFile; fileRef = 04B85F361BC048F6004BBC40 /* AppDelegate.m */; };
		04B85F3F1BC048F6004BBC40 /* Images.xcassets in Resources */ = {isa = PBXBuildFile; fileRef = 04B85F3E1BC048F6004BBC40 /* Images.xcassets */; };
		04B85F421BC048F6004BBC40 /* LaunchScreen.xib in Resources */ = {isa = PBXBuildFile; fileRef = 04B85F401BC048F6004BBC40 /* LaunchScreen.xib */; };
		04B85F4E1BC048F6004BBC40 /* SCPTests.m in Sources */ = {isa = PBXBuildFile; fileRef = 04B85F4D1BC048F6004BBC40 /* SCPTests.m */; };
		04B85F5B1BC04D6D004BBC40 /* MainViewController.m in Sources */ = {isa = PBXBuildFile; fileRef = 04B85F5A1BC04D6D004BBC40 /* MainViewController.m */; };
		07EFC23DD907B5E243B0675A /* libPods.a in Frameworks */ = {isa = PBXBuildFile; fileRef = BEF236CFA893B56A4ACB7964 /* libPods.a */; };
		62896E5B1BC1360C002F9A70 /* AutoPilotController.m in Sources */ = {isa = PBXBuildFile; fileRef = 62896E5A1BC1360C002F9A70 /* AutoPilotController.m */; };
/* End PBXBuildFile section */

/* Begin PBXContainerItemProxy section */
		04B85F481BC048F6004BBC40 /* PBXContainerItemProxy */ = {
			isa = PBXContainerItemProxy;
			containerPortal = 04B85F261BC048F6004BBC40 /* Project object */;
			proxyType = 1;
			remoteGlobalIDString = 04B85F2D1BC048F6004BBC40;
			remoteInfo = SCP;
		};
/* End PBXContainerItemProxy section */

/* Begin PBXFileReference section */
		045DE4BF1BC12C3200DD43DB /* ServicesController.h */ = {isa = PBXFileReference; fileEncoding = 4; lastKnownFileType = sourcecode.c.h; path = ServicesController.h; sourceTree = "<group>"; };
		045DE4C01BC12C3200DD43DB /* ServicesController.m */ = {isa = PBXFileReference; fileEncoding = 4; lastKnownFileType = sourcecode.c.objc; path = ServicesController.m; sourceTree = "<group>"; };
		045DE4C21BC1655B00DD43DB /* ServicesRequestController.h */ = {isa = PBXFileReference; fileEncoding = 4; lastKnownFileType = sourcecode.c.h; path = ServicesRequestController.h; sourceTree = "<group>"; };
		045DE4C31BC1655B00DD43DB /* ServicesRequestController.m */ = {isa = PBXFileReference; fileEncoding = 4; lastKnownFileType = sourcecode.c.objc; path = ServicesRequestController.m; sourceTree = "<group>"; };
		045DE4C51BC1879600DD43DB /* Main.storyboard */ = {isa = PBXFileReference; fileEncoding = 4; lastKnownFileType = file.storyboard; path = Main.storyboard; sourceTree = "<group>"; };
		04B85F2E1BC048F6004BBC40 /* SCP.app */ = {isa = PBXFileReference; explicitFileType = wrapper.application; includeInIndex = 0; path = SCP.app; sourceTree = BUILT_PRODUCTS_DIR; };
		04B85F321BC048F6004BBC40 /* Info.plist */ = {isa = PBXFileReference; lastKnownFileType = text.plist.xml; path = Info.plist; sourceTree = "<group>"; };
		04B85F331BC048F6004BBC40 /* main.m */ = {isa = PBXFileReference; lastKnownFileType = sourcecode.c.objc; path = main.m; sourceTree = "<group>"; };
		04B85F351BC048F6004BBC40 /* AppDelegate.h */ = {isa = PBXFileReference; lastKnownFileType = sourcecode.c.h; path = AppDelegate.h; sourceTree = "<group>"; };
		04B85F361BC048F6004BBC40 /* AppDelegate.m */ = {isa = PBXFileReference; lastKnownFileType = sourcecode.c.objc; path = AppDelegate.m; sourceTree = "<group>"; };
		04B85F3E1BC048F6004BBC40 /* Images.xcassets */ = {isa = PBXFileReference; lastKnownFileType = folder.assetcatalog; path = Images.xcassets; sourceTree = "<group>"; };
		04B85F411BC048F6004BBC40 /* Base */ = {isa = PBXFileReference; lastKnownFileType = file.xib; name = Base; path = Base.lproj/LaunchScreen.xib; sourceTree = "<group>"; };
		04B85F471BC048F6004BBC40 /* SCPTests.xctest */ = {isa = PBXFileReference; explicitFileType = wrapper.cfbundle; includeInIndex = 0; path = SCPTests.xctest; sourceTree = BUILT_PRODUCTS_DIR; };
		04B85F4C1BC048F6004BBC40 /* Info.plist */ = {isa = PBXFileReference; lastKnownFileType = text.plist.xml; path = Info.plist; sourceTree = "<group>"; };
		04B85F4D1BC048F6004BBC40 /* SCPTests.m */ = {isa = PBXFileReference; lastKnownFileType = sourcecode.c.objc; path = SCPTests.m; sourceTree = "<group>"; };
		04B85F591BC04D6D004BBC40 /* MainViewController.h */ = {isa = PBXFileReference; fileEncoding = 4; lastKnownFileType = sourcecode.c.h; path = MainViewController.h; sourceTree = "<group>"; };
		04B85F5A1BC04D6D004BBC40 /* MainViewController.m */ = {isa = PBXFileReference; fileEncoding = 4; lastKnownFileType = sourcecode.c.objc; path = MainViewController.m; sourceTree = "<group>"; };
		62896E591BC1360C002F9A70 /* AutoPilotController.h */ = {isa = PBXFileReference; fileEncoding = 4; lastKnownFileType = sourcecode.c.h; path = AutoPilotController.h; sourceTree = "<group>"; };
		62896E5A1BC1360C002F9A70 /* AutoPilotController.m */ = {isa = PBXFileReference; fileEncoding = 4; lastKnownFileType = sourcecode.c.objc; path = AutoPilotController.m; sourceTree = "<group>"; };
		BEF236CFA893B56A4ACB7964 /* libPods.a */ = {isa = PBXFileReference; explicitFileType = archive.ar; includeInIndex = 0; path = libPods.a; sourceTree = BUILT_PRODUCTS_DIR; };
		DCD1934D2A9D62E2F89CE78F /* Pods.debug.xcconfig */ = {isa = PBXFileReference; includeInIndex = 1; lastKnownFileType = text.xcconfig; name = Pods.debug.xcconfig; path = "Pods/Target Support Files/Pods/Pods.debug.xcconfig"; sourceTree = "<group>"; };
		F853E2363F9D6BCB578712BC /* Pods.release.xcconfig */ = {isa = PBXFileReference; includeInIndex = 1; lastKnownFileType = text.xcconfig; name = Pods.release.xcconfig; path = "Pods/Target Support Files/Pods/Pods.release.xcconfig"; sourceTree = "<group>"; };
/* End PBXFileReference section */

/* Begin PBXFrameworksBuildPhase section */
		04B85F2B1BC048F6004BBC40 /* Frameworks */ = {
			isa = PBXFrameworksBuildPhase;
			buildActionMask = 2147483647;
			files = (
				07EFC23DD907B5E243B0675A /* libPods.a in Frameworks */,
			);
			runOnlyForDeploymentPostprocessing = 0;
		};
		04B85F441BC048F6004BBC40 /* Frameworks */ = {
			isa = PBXFrameworksBuildPhase;
			buildActionMask = 2147483647;
			files = (
			);
			runOnlyForDeploymentPostprocessing = 0;
		};
/* End PBXFrameworksBuildPhase section */

/* Begin PBXGroup section */
		04B85F251BC048F6004BBC40 = {
			isa = PBXGroup;
			children = (
				04B85F301BC048F6004BBC40 /* SCP */,
				04B85F4A1BC048F6004BBC40 /* SCPTests */,
				04B85F2F1BC048F6004BBC40 /* Products */,
				88DC29C15539F6A20082E8AB /* Pods */,
				0658C4401A2F6C187B6070B8 /* Frameworks */,
			);
			sourceTree = "<group>";
		};
		04B85F2F1BC048F6004BBC40 /* Products */ = {
			isa = PBXGroup;
			children = (
				04B85F2E1BC048F6004BBC40 /* SCP.app */,
				04B85F471BC048F6004BBC40 /* SCPTests.xctest */,
			);
			name = Products;
			sourceTree = "<group>";
		};
		04B85F301BC048F6004BBC40 /* SCP */ = {
			isa = PBXGroup;
			children = (
				04B85F351BC048F6004BBC40 /* AppDelegate.h */,
				04B85F361BC048F6004BBC40 /* AppDelegate.m */,
				04B85F5C1BC04D74004BBC40 /* Controllers */,
				045DE4C51BC1879600DD43DB /* Main.storyboard */,
				04B85F3E1BC048F6004BBC40 /* Images.xcassets */,
				04B85F401BC048F6004BBC40 /* LaunchScreen.xib */,
				04B85F311BC048F6004BBC40 /* Supporting Files */,
			);
			path = SCP;
			sourceTree = "<group>";
		};
		04B85F311BC048F6004BBC40 /* Supporting Files */ = {
			isa = PBXGroup;
			children = (
				04B85F321BC048F6004BBC40 /* Info.plist */,
				04B85F331BC048F6004BBC40 /* main.m */,
			);
			name = "Supporting Files";
			sourceTree = "<group>";
		};
		04B85F4A1BC048F6004BBC40 /* SCPTests */ = {
			isa = PBXGroup;
			children = (
				04B85F4D1BC048F6004BBC40 /* SCPTests.m */,
				04B85F4B1BC048F6004BBC40 /* Supporting Files */,
			);
			path = SCPTests;
			sourceTree = "<group>";
		};
		04B85F4B1BC048F6004BBC40 /* Supporting Files */ = {
			isa = PBXGroup;
			children = (
				04B85F4C1BC048F6004BBC40 /* Info.plist */,
			);
			name = "Supporting Files";
			sourceTree = "<group>";
		};
		04B85F5C1BC04D74004BBC40 /* Controllers */ = {
			isa = PBXGroup;
			children = (
				04B85F591BC04D6D004BBC40 /* MainViewController.h */,
				04B85F5A1BC04D6D004BBC40 /* MainViewController.m */,
				045DE4BF1BC12C3200DD43DB /* ServicesController.h */,
				045DE4C01BC12C3200DD43DB /* ServicesController.m */,
				62896E591BC1360C002F9A70 /* AutoPilotController.h */,
				62896E5A1BC1360C002F9A70 /* AutoPilotController.m */,
				045DE4C21BC1655B00DD43DB /* ServicesRequestController.h */,
				045DE4C31BC1655B00DD43DB /* ServicesRequestController.m */,
			);
			name = Controllers;
			sourceTree = "<group>";
		};
		0658C4401A2F6C187B6070B8 /* Frameworks */ = {
			isa = PBXGroup;
			children = (
				BEF236CFA893B56A4ACB7964 /* libPods.a */,
			);
			name = Frameworks;
			sourceTree = "<group>";
		};
		88DC29C15539F6A20082E8AB /* Pods */ = {
			isa = PBXGroup;
			children = (
				DCD1934D2A9D62E2F89CE78F /* Pods.debug.xcconfig */,
				F853E2363F9D6BCB578712BC /* Pods.release.xcconfig */,
			);
			name = Pods;
			sourceTree = "<group>";
		};
/* End PBXGroup section */

/* Begin PBXNativeTarget section */
		04B85F2D1BC048F6004BBC40 /* SCP */ = {
			isa = PBXNativeTarget;
			buildConfigurationList = 04B85F511BC048F6004BBC40 /* Build configuration list for PBXNativeTarget "SCP" */;
			buildPhases = (
				C1E1A2B9EB179E97FC09332D /* Check Pods Manifest.lock */,
				04B85F2A1BC048F6004BBC40 /* Sources */,
				04B85F2B1BC048F6004BBC40 /* Frameworks */,
				04B85F2C1BC048F6004BBC40 /* Resources */,
				812C449BD625F07C4B047375 /* Copy Pods Resources */,
			);
			buildRules = (
			);
			dependencies = (
			);
			name = SCP;
			productName = SCP;
			productReference = 04B85F2E1BC048F6004BBC40 /* SCP.app */;
			productType = "com.apple.product-type.application";
		};
		04B85F461BC048F6004BBC40 /* SCPTests */ = {
			isa = PBXNativeTarget;
			buildConfigurationList = 04B85F541BC048F6004BBC40 /* Build configuration list for PBXNativeTarget "SCPTests" */;
			buildPhases = (
				04B85F431BC048F6004BBC40 /* Sources */,
				04B85F441BC048F6004BBC40 /* Frameworks */,
				04B85F451BC048F6004BBC40 /* Resources */,
			);
			buildRules = (
			);
			dependencies = (
				04B85F491BC048F6004BBC40 /* PBXTargetDependency */,
			);
			name = SCPTests;
			productName = SCPTests;
			productReference = 04B85F471BC048F6004BBC40 /* SCPTests.xctest */;
			productType = "com.apple.product-type.bundle.unit-test";
		};
/* End PBXNativeTarget section */

/* Begin PBXProject section */
		04B85F261BC048F6004BBC40 /* Project object */ = {
			isa = PBXProject;
			attributes = {
				LastUpgradeCheck = 0700;
				ORGANIZATIONNAME = TrianglZ;
				TargetAttributes = {
					04B85F2D1BC048F6004BBC40 = {
						CreatedOnToolsVersion = 6.4;
					};
					04B85F461BC048F6004BBC40 = {
						CreatedOnToolsVersion = 6.4;
						TestTargetID = 04B85F2D1BC048F6004BBC40;
					};
				};
			};
			buildConfigurationList = 04B85F291BC048F6004BBC40 /* Build configuration list for PBXProject "SCP" */;
			compatibilityVersion = "Xcode 3.2";
			developmentRegion = English;
			hasScannedForEncodings = 0;
			knownRegions = (
				en,
				Base,
			);
			mainGroup = 04B85F251BC048F6004BBC40;
			productRefGroup = 04B85F2F1BC048F6004BBC40 /* Products */;
			projectDirPath = "";
			projectRoot = "";
			targets = (
				04B85F2D1BC048F6004BBC40 /* SCP */,
				04B85F461BC048F6004BBC40 /* SCPTests */,
			);
		};
/* End PBXProject section */

/* Begin PBXResourcesBuildPhase section */
		04B85F2C1BC048F6004BBC40 /* Resources */ = {
			isa = PBXResourcesBuildPhase;
			buildActionMask = 2147483647;
			files = (
				045DE4C61BC1879600DD43DB /* Main.storyboard in Resources */,
				04B85F421BC048F6004BBC40 /* LaunchScreen.xib in Resources */,
				04B85F3F1BC048F6004BBC40 /* Images.xcassets in Resources */,
			);
			runOnlyForDeploymentPostprocessing = 0;
		};
		04B85F451BC048F6004BBC40 /* Resources */ = {
			isa = PBXResourcesBuildPhase;
			buildActionMask = 2147483647;
			files = (
			);
			runOnlyForDeploymentPostprocessing = 0;
		};
/* End PBXResourcesBuildPhase section */

/* Begin PBXShellScriptBuildPhase section */
		812C449BD625F07C4B047375 /* Copy Pods Resources */ = {
			isa = PBXShellScriptBuildPhase;
			buildActionMask = 2147483647;
			files = (
			);
			inputPaths = (
			);
			name = "Copy Pods Resources";
			outputPaths = (
			);
			runOnlyForDeploymentPostprocessing = 0;
			shellPath = /bin/sh;
			shellScript = "\"${SRCROOT}/Pods/Target Support Files/Pods/Pods-resources.sh\"\n";
			showEnvVarsInLog = 0;
		};
		C1E1A2B9EB179E97FC09332D /* Check Pods Manifest.lock */ = {
			isa = PBXShellScriptBuildPhase;
			buildActionMask = 2147483647;
			files = (
			);
			inputPaths = (
			);
			name = "Check Pods Manifest.lock";
			outputPaths = (
			);
			runOnlyForDeploymentPostprocessing = 0;
			shellPath = /bin/sh;
			shellScript = "diff \"${PODS_ROOT}/../Podfile.lock\" \"${PODS_ROOT}/Manifest.lock\" > /dev/null\nif [[ $? != 0 ]] ; then\n    cat << EOM\nerror: The sandbox is not in sync with the Podfile.lock. Run 'pod install' or update your CocoaPods installation.\nEOM\n    exit 1\nfi\n";
			showEnvVarsInLog = 0;
		};
/* End PBXShellScriptBuildPhase section */

/* Begin PBXSourcesBuildPhase section */
		04B85F2A1BC048F6004BBC40 /* Sources */ = {
			isa = PBXSourcesBuildPhase;
			buildActionMask = 2147483647;
			files = (
				04B85F371BC048F6004BBC40 /* AppDelegate.m in Sources */,
				62896E5B1BC1360C002F9A70 /* AutoPilotController.m in Sources */,
				04B85F341BC048F6004BBC40 /* main.m in Sources */,
				045DE4C41BC1655B00DD43DB /* ServicesRequestController.m in Sources */,
				04B85F5B1BC04D6D004BBC40 /* MainViewController.m in Sources */,
				045DE4C11BC12C3200DD43DB /* ServicesController.m in Sources */,
			);
			runOnlyForDeploymentPostprocessing = 0;
		};
		04B85F431BC048F6004BBC40 /* Sources */ = {
			isa = PBXSourcesBuildPhase;
			buildActionMask = 2147483647;
			files = (
				04B85F4E1BC048F6004BBC40 /* SCPTests.m in Sources */,
			);
			runOnlyForDeploymentPostprocessing = 0;
		};
/* End PBXSourcesBuildPhase section */

/* Begin PBXTargetDependency section */
		04B85F491BC048F6004BBC40 /* PBXTargetDependency */ = {
			isa = PBXTargetDependency;
			target = 04B85F2D1BC048F6004BBC40 /* SCP */;
			targetProxy = 04B85F481BC048F6004BBC40 /* PBXContainerItemProxy */;
		};
/* End PBXTargetDependency section */

/* Begin PBXVariantGroup section */
		04B85F401BC048F6004BBC40 /* LaunchScreen.xib */ = {
			isa = PBXVariantGroup;
			children = (
				04B85F411BC048F6004BBC40 /* Base */,
			);
			name = LaunchScreen.xib;
			sourceTree = "<group>";
		};
/* End PBXVariantGroup section */

/* Begin XCBuildConfiguration section */
		04B85F4F1BC048F6004BBC40 /* Debug */ = {
			isa = XCBuildConfiguration;
			buildSettings = {
				ALWAYS_SEARCH_USER_PATHS = NO;
				CLANG_CXX_LANGUAGE_STANDARD = "gnu++0x";
				CLANG_CXX_LIBRARY = "libc++";
				CLANG_ENABLE_MODULES = YES;
				CLANG_ENABLE_OBJC_ARC = YES;
				CLANG_WARN_BOOL_CONVERSION = YES;
				CLANG_WARN_CONSTANT_CONVERSION = YES;
				CLANG_WARN_DIRECT_OBJC_ISA_USAGE = YES_ERROR;
				CLANG_WARN_EMPTY_BODY = YES;
				CLANG_WARN_ENUM_CONVERSION = YES;
				CLANG_WARN_INT_CONVERSION = YES;
				CLANG_WARN_OBJC_ROOT_CLASS = YES_ERROR;
				CLANG_WARN_UNREACHABLE_CODE = YES;
				CLANG_WARN__DUPLICATE_METHOD_MATCH = YES;
				"CODE_SIGN_IDENTITY[sdk=iphoneos*]" = "iPhone Developer";
				COPY_PHASE_STRIP = NO;
				DEBUG_INFORMATION_FORMAT = "dwarf-with-dsym";
				ENABLE_BITCODE = NO;
				ENABLE_STRICT_OBJC_MSGSEND = YES;
				ENABLE_TESTABILITY = YES;
				GCC_C_LANGUAGE_STANDARD = gnu99;
				GCC_DYNAMIC_NO_PIC = NO;
				GCC_NO_COMMON_BLOCKS = YES;
				GCC_OPTIMIZATION_LEVEL = 0;
				GCC_PREPROCESSOR_DEFINITIONS = (
					"DEBUG=1",
					"$(inherited)",
				);
				GCC_SYMBOLS_PRIVATE_EXTERN = NO;
				GCC_WARN_64_TO_32_BIT_CONVERSION = YES;
				GCC_WARN_ABOUT_RETURN_TYPE = YES_ERROR;
				GCC_WARN_UNDECLARED_SELECTOR = YES;
				GCC_WARN_UNINITIALIZED_AUTOS = YES_AGGRESSIVE;
				GCC_WARN_UNUSED_FUNCTION = YES;
				GCC_WARN_UNUSED_VARIABLE = YES;
				IPHONEOS_DEPLOYMENT_TARGET = 8.4;
				MTL_ENABLE_DEBUG_INFO = YES;
				ONLY_ACTIVE_ARCH = YES;
				SDKROOT = iphoneos;
			};
			name = Debug;
		};
		04B85F501BC048F6004BBC40 /* Release */ = {
			isa = XCBuildConfiguration;
			buildSettings = {
				ALWAYS_SEARCH_USER_PATHS = NO;
				CLANG_CXX_LANGUAGE_STANDARD = "gnu++0x";
				CLANG_CXX_LIBRARY = "libc++";
				CLANG_ENABLE_MODULES = YES;
				CLANG_ENABLE_OBJC_ARC = YES;
				CLANG_WARN_BOOL_CONVERSION = YES;
				CLANG_WARN_CONSTANT_CONVERSION = YES;
				CLANG_WARN_DIRECT_OBJC_ISA_USAGE = YES_ERROR;
				CLANG_WARN_EMPTY_BODY = YES;
				CLANG_WARN_ENUM_CONVERSION = YES;
				CLANG_WARN_INT_CONVERSION = YES;
				CLANG_WARN_OBJC_ROOT_CLASS = YES_ERROR;
				CLANG_WARN_UNREACHABLE_CODE = YES;
				CLANG_WARN__DUPLICATE_METHOD_MATCH = YES;
				"CODE_SIGN_IDENTITY[sdk=iphoneos*]" = "iPhone Developer";
				COPY_PHASE_STRIP = NO;
				DEBUG_INFORMATION_FORMAT = "dwarf-with-dsym";
				ENABLE_BITCODE = NO;
				ENABLE_NS_ASSERTIONS = NO;
				ENABLE_STRICT_OBJC_MSGSEND = YES;
				GCC_C_LANGUAGE_STANDARD = gnu99;
				GCC_NO_COMMON_BLOCKS = YES;
				GCC_WARN_64_TO_32_BIT_CONVERSION = YES;
				GCC_WARN_ABOUT_RETURN_TYPE = YES_ERROR;
				GCC_WARN_UNDECLARED_SELECTOR = YES;
				GCC_WARN_UNINITIALIZED_AUTOS = YES_AGGRESSIVE;
				GCC_WARN_UNUSED_FUNCTION = YES;
				GCC_WARN_UNUSED_VARIABLE = YES;
				IPHONEOS_DEPLOYMENT_TARGET = 8.4;
				MTL_ENABLE_DEBUG_INFO = NO;
				SDKROOT = iphoneos;
				VALIDATE_PRODUCT = YES;
			};
			name = Release;
		};
		04B85F521BC048F6004BBC40 /* Debug */ = {
			isa = XCBuildConfiguration;
			baseConfigurationReference = DCD1934D2A9D62E2F89CE78F /* Pods.debug.xcconfig */;
			buildSettings = {
				ASSETCATALOG_COMPILER_APPICON_NAME = AppIcon;
				ENABLE_BITCODE = NO;
				INFOPLIST_FILE = SCP/Info.plist;
				LD_RUNPATH_SEARCH_PATHS = "$(inherited) @executable_path/Frameworks";
				PRODUCT_BUNDLE_IDENTIFIER = "TrianglZ.$(PRODUCT_NAME:rfc1034identifier)";
				PRODUCT_NAME = "$(TARGET_NAME)";
				TARGETED_DEVICE_FAMILY = 2;
			};
			name = Debug;
		};
		04B85F531BC048F6004BBC40 /* Release */ = {
			isa = XCBuildConfiguration;
			baseConfigurationReference = F853E2363F9D6BCB578712BC /* Pods.release.xcconfig */;
			buildSettings = {
				ASSETCATALOG_COMPILER_APPICON_NAME = AppIcon;
				ENABLE_BITCODE = NO;
				INFOPLIST_FILE = SCP/Info.plist;
				LD_RUNPATH_SEARCH_PATHS = "$(inherited) @executable_path/Frameworks";
				PRODUCT_BUNDLE_IDENTIFIER = "TrianglZ.$(PRODUCT_NAME:rfc1034identifier)";
				PRODUCT_NAME = "$(TARGET_NAME)";
				TARGETED_DEVICE_FAMILY = 2;
			};
			name = Release;
		};
		04B85F551BC048F6004BBC40 /* Debug */ = {
			isa = XCBuildConfiguration;
			buildSettings = {
				BUNDLE_LOADER = "$(TEST_HOST)";
				FRAMEWORK_SEARCH_PATHS = (
					"$(SDKROOT)/Developer/Library/Frameworks",
					"$(inherited)",
				);
				GCC_PREPROCESSOR_DEFINITIONS = (
					"DEBUG=1",
					"$(inherited)",
				);
				INFOPLIST_FILE = SCPTests/Info.plist;
				LD_RUNPATH_SEARCH_PATHS = "$(inherited) @executable_path/Frameworks @loader_path/Frameworks";
				PRODUCT_BUNDLE_IDENTIFIER = "TrianglZ.$(PRODUCT_NAME:rfc1034identifier)";
				PRODUCT_NAME = "$(TARGET_NAME)";
				TEST_HOST = "$(BUILT_PRODUCTS_DIR)/SCP.app/SCP";
			};
			name = Debug;
		};
		04B85F561BC048F6004BBC40 /* Release */ = {
			isa = XCBuildConfiguration;
			buildSettings = {
				BUNDLE_LOADER = "$(TEST_HOST)";
				FRAMEWORK_SEARCH_PATHS = (
					"$(SDKROOT)/Developer/Library/Frameworks",
					"$(inherited)",
				);
				INFOPLIST_FILE = SCPTests/Info.plist;
				LD_RUNPATH_SEARCH_PATHS = "$(inherited) @executable_path/Frameworks @loader_path/Frameworks";
				PRODUCT_BUNDLE_IDENTIFIER = "TrianglZ.$(PRODUCT_NAME:rfc1034identifier)";
				PRODUCT_NAME = "$(TARGET_NAME)";
				TEST_HOST = "$(BUILT_PRODUCTS_DIR)/SCP.app/SCP";
			};
			name = Release;
		};
/* End XCBuildConfiguration section */

/* Begin XCConfigurationList section */
		04B85F291BC048F6004BBC40 /* Build configuration list for PBXProject "SCP" */ = {
			isa = XCConfigurationList;
			buildConfigurations = (
				04B85F4F1BC048F6004BBC40 /* Debug */,
				04B85F501BC048F6004BBC40 /* Release */,
			);
			defaultConfigurationIsVisible = 0;
			defaultConfigurationName = Release;
		};
		04B85F511BC048F6004BBC40 /* Build configuration list for PBXNativeTarget "SCP" */ = {
			isa = XCConfigurationList;
			buildConfigurations = (
				04B85F521BC048F6004BBC40 /* Debug */,
				04B85F531BC048F6004BBC40 /* Release */,
			);
			defaultConfigurationIsVisible = 0;
			defaultConfigurationName = Release;
		};
		04B85F541BC048F6004BBC40 /* Build configuration list for PBXNativeTarget "SCPTests" */ = {
			isa = XCConfigurationList;
			buildConfigurations = (
				04B85F551BC048F6004BBC40 /* Debug */,
				04B85F561BC048F6004BBC40 /* Release */,
			);
			defaultConfigurationIsVisible = 0;
			defaultConfigurationName = Release;
		};
/* End XCConfigurationList section */
	};
	rootObject = 04B85F261BC048F6004BBC40 /* Project object */;
}
